Microsoft Visual Studio Solution File, Format Version 12.00
# Visual Studio 15
VisualStudioVersion = 15.0.28010.2003
MinimumVisualStudioVersion = 10.0.40219.1
Project("{FAE04EC0-301F-11D3-BF4B-00C04F79EFBC}") = "Sales.Android", "Sales.Android\Sales.Android.csproj", "{4CD9611A-7EAD-4623-B94A-62FF47030060}"
EndProject
Project("{FAE04EC0-301F-11D3-BF4B-00C04F79EFBC}") = "Sales.iOS", "Sales.iOS\Sales.iOS.csproj", "{697568D2-2FC8-451F-943B-B24CC0A9FABD}"
EndProject
Project("{9A19103F-16F7-4668-BE54-9A1E7A4F7556}") = "Sales", "Sales\Sales.csproj", "{352C355E-2F44-469C-8320-691934F72E73}"
EndProject
Project("{FAE04EC0-301F-11D3-BF4B-00C04F79EFBC}") = "Sales.Backend", "Sales.Backend\Sales.Backend.csproj", "{C439B6EC-4E7F-4F92-BFCC-676C321EA4BC}"
EndProject
Project("{FAE04EC0-301F-11D3-BF4B-00C04F79EFBC}") = "Sales.API", "Sales.API\Sales.API.csproj", "{58FD8655-79A5-4998-B36C-BF15AF85741D}"
EndProject
Project("{FAE04EC0-301F-11D3-BF4B-00C04F79EFBC}") = "Sales.Domain", "Sales.Domain\Sales.Domain.csproj", "{046FECB3-2ABA-4773-81A7-5115D45A7595}"
EndProject
Project("{FAE04EC0-301F-11D3-BF4B-00C04F79EFBC}") = "Sales.Common", "Sales.Common\Sales.Common.csproj", "{A4807837-3713-4986-8391-65C21D8DF3CD}"
EndProject
Global
	GlobalSection(SolutionConfigurationPlatforms) = preSolution
		Ad-Hoc|Any CPU = Ad-Hoc|Any CPU
		Ad-Hoc|iPhone = Ad-Hoc|iPhone
		Ad-Hoc|iPhoneSimulator = Ad-Hoc|iPhoneSimulator
		AppStore|Any CPU = AppStore|Any CPU
		AppStore|iPhone = AppStore|iPhone
		AppStore|iPhoneSimulator = AppStore|iPhoneSimulator
		Debug|Any CPU = Debug|Any CPU
		Debug|iPhone = Debug|iPhone
		Debug|iPhoneSimulator = Debug|iPhoneSimulator
		Release|Any CPU = Release|Any CPU
		Release|iPhone = Release|iPhone
		Release|iPhoneSimulator = Release|iPhoneSimulator
	EndGlobalSection
	GlobalSection(ProjectConfigurationPlatforms) = postSolution
		{4CD9611A-7EAD-4623-B94A-62FF47030060}.Ad-Hoc|Any CPU.ActiveCfg = Release|Any CPU
		{4CD9611A-7EAD-4623-B94A-62FF47030060}.Ad-Hoc|Any CPU.Build.0 = Release|Any CPU
		{4CD9611A-7EAD-4623-B94A-62FF47030060}.Ad-Hoc|Any CPU.Deploy.0 = Release|Any CPU
		{4CD9611A-7EAD-4623-B94A-62FF47030060}.Ad-Hoc|iPhone.ActiveCfg = Debug|Any CPU
		{4CD9611A-7EAD-4623-B94A-62FF47030060}.Ad-Hoc|iPhone.Build.0 = Debug|Any CPU
		{4CD9611A-7EAD-4623-B94A-62FF47030060}.Ad-Hoc|iPhoneSimulator.ActiveCfg = Release|Any CPU
		{4CD9611A-7EAD-4623-B94A-62FF47030060}.Ad-Hoc|iPhoneSimulator.Build.0 = Release|Any CPU
		{4CD9611A-7EAD-4623-B94A-62FF47030060}.Ad-Hoc|iPhoneSimulator.Deploy.0 = Release|Any CPU
		{4CD9611A-7EAD-4623-B94A-62FF47030060}.AppStore|Any CPU.ActiveCfg = Release|Any CPU
		{4CD9611A-7EAD-4623-B94A-62FF47030060}.AppStore|Any CPU.Build.0 = Release|Any CPU
		{4CD9611A-7EAD-4623-B94A-62FF47030060}.AppStore|Any CPU.Deploy.0 = Release|Any CPU
		{4CD9611A-7EAD-4623-B94A-62FF47030060}.AppStore|iPhone.ActiveCfg = Debug|Any CPU
		{4CD9611A-7EAD-4623-B94A-62FF47030060}.AppStore|iPhone.Build.0 = Debug|Any CPU
		{4CD9611A-7EAD-4623-B94A-62FF47030060}.AppStore|iPhoneSimulator.ActiveCfg = Release|Any CPU
		{4CD9611A-7EAD-4623-B94A-62FF47030060}.AppStore|iPhoneSimulator.Build.0 = Release|Any CPU
		{4CD9611A-7EAD-4623-B94A-62FF47030060}.AppStore|iPhoneSimulator.Deploy.0 = Release|Any CPU
		{4CD9611A-7EAD-4623-B94A-62FF47030060}.Debug|Any CPU.ActiveCfg = Debug|Any CPU
		{4CD9611A-7EAD-4623-B94A-62FF47030060}.Debug|Any CPU.Build.0 = Debug|Any CPU
		{4CD9611A-7EAD-4623-B94A-62FF47030060}.Debug|iPhone.ActiveCfg = Debug|Any CPU
		{4CD9611A-7EAD-4623-B94A-62FF47030060}.Debug|iPhone.Build.0 = Debug|Any CPU
		{4CD9611A-7EAD-4623-B94A-62FF47030060}.Debug|iPhoneSimulator.ActiveCfg = Debug|Any CPU
		{4CD9611A-7EAD-4623-B94A-62FF47030060}.Debug|iPhoneSimulator.Build.0 = Debug|Any CPU
		{4CD9611A-7EAD-4623-B94A-62FF47030060}.Release|Any CPU.ActiveCfg = Release|Any CPU
		{4CD9611A-7EAD-4623-B94A-62FF47030060}.Release|Any CPU.Build.0 = Release|Any CPU
		{4CD9611A-7EAD-4623-B94A-62FF47030060}.Release|iPhone.ActiveCfg = Release|Any CPU
		{4CD9611A-7EAD-4623-B94A-62FF47030060}.Release|iPhone.Build.0 = Release|Any CPU
		{4CD9611A-7EAD-4623-B94A-62FF47030060}.Release|iPhoneSimulator.ActiveCfg = Release|Any CPU
		{4CD9611A-7EAD-4623-B94A-62FF47030060}.Release|iPhoneSimulator.Build.0 = Release|Any CPU
		{697568D2-2FC8-451F-943B-B24CC0A9FABD}.Ad-Hoc|Any CPU.ActiveCfg = Ad-Hoc|iPhoneSimulator
		{697568D2-2FC8-451F-943B-B24CC0A9FABD}.Ad-Hoc|iPhone.ActiveCfg = Ad-Hoc|iPhone
		{697568D2-2FC8-451F-943B-B24CC0A9FABD}.Ad-Hoc|iPhone.Build.0 = Ad-Hoc|iPhone
		{697568D2-2FC8-451F-943B-B24CC0A9FABD}.Ad-Hoc|iPhoneSimulator.ActiveCfg = Ad-Hoc|iPhoneSimulator
		{697568D2-2FC8-451F-943B-B24CC0A9FABD}.Ad-Hoc|iPhoneSimulator.Build.0 = Ad-Hoc|iPhoneSimulator
		{697568D2-2FC8-451F-943B-B24CC0A9FABD}.AppStore|Any CPU.ActiveCfg = AppStore|iPhoneSimulator
		{697568D2-2FC8-451F-943B-B24CC0A9FABD}.AppStore|iPhone.ActiveCfg = AppStore|iPhone
		{697568D2-2FC8-451F-943B-B24CC0A9FABD}.AppStore|iPhone.Build.0 = AppStore|iPhone
		{697568D2-2FC8-451F-943B-B24CC0A9FABD}.AppStore|iPhoneSimulator.ActiveCfg = AppStore|iPhoneSimulator
		{697568D2-2FC8-451F-943B-B24CC0A9FABD}.AppStore|iPhoneSimulator.Build.0 = AppStore|iPhoneSimulator
		{697568D2-2FC8-451F-943B-B24CC0A9FABD}.Debug|Any CPU.ActiveCfg = Debug|iPhoneSimulator
		{697568D2-2FC8-451F-943B-B24CC0A9FABD}.Debug|Any CPU.Build.0 = Debug|iPhoneSimulator
		{697568D2-2FC8-451F-943B-B24CC0A9FABD}.Debug|iPhone.ActiveCfg = Debug|iPhone
		{697568D2-2FC8-451F-943B-B24CC0A9FABD}.Debug|iPhone.Build.0 = Debug|iPhone
		{697568D2-2FC8-451F-943B-B24CC0A9FABD}.Debug|iPhoneSimulator.ActiveCfg = Debug|iPhoneSimulator
		{697568D2-2FC8-451F-943B-B24CC0A9FABD}.Debug|iPhoneSimulator.Build.0 = Debug|iPhoneSimulator
		{697568D2-2FC8-451F-943B-B24CC0A9FABD}.Release|Any CPU.ActiveCfg = Release|iPhoneSimulator
		{697568D2-2FC8-451F-943B-B24CC0A9FABD}.Release|Any CPU.Build.0 = Release|iPhoneSimulator
		{697568D2-2FC8-451F-943B-B24CC0A9FABD}.Release|iPhone.ActiveCfg = Release|iPhone
		{697568D2-2FC8-451F-943B-B24CC0A9FABD}.Release|iPhone.Build.0 = Release|iPhone
		{697568D2-2FC8-451F-943B-B24CC0A9FABD}.Release|iPhoneSimulator.ActiveCfg = Release|iPhoneSimulator
		{697568D2-2FC8-451F-943B-B24CC0A9FABD}.Release|iPhoneSimulator.Build.0 = Release|iPhoneSimulator
		{352C355E-2F44-469C-8320-691934F72E73}.Ad-Hoc|Any CPU.ActiveCfg = Release|Any CPU
		{352C355E-2F44-469C-8320-691934F72E73}.Ad-Hoc|Any CPU.Build.0 = Release|Any CPU
		{352C355E-2F44-469C-8320-691934F72E73}.Ad-Hoc|iPhone.ActiveCfg = Debug|Any CPU
		{352C355E-2F44-469C-8320-691934F72E73}.Ad-Hoc|iPhone.Build.0 = Debug|Any CPU
		{352C355E-2F44-469C-8320-691934F72E73}.Ad-Hoc|iPhoneSimulator.ActiveCfg = Release|Any CPU
		{352C355E-2F44-469C-8320-691934F72E73}.Ad-Hoc|iPhoneSimulator.Build.0 = Release|Any CPU
		{352C355E-2F44-469C-8320-691934F72E73}.AppStore|Any CPU.ActiveCfg = Release|Any CPU
		{352C355E-2F44-469C-8320-691934F72E73}.AppStore|Any CPU.Build.0 = Release|Any CPU
		{352C355E-2F44-469C-8320-691934F72E73}.AppStore|iPhone.ActiveCfg = Debug|Any CPU
		{352C355E-2F44-469C-8320-691934F72E73}.AppStore|iPhone.Build.0 = Debug|Any CPU
		{352C355E-2F44-469C-8320-691934F72E73}.AppStore|iPhoneSimulator.ActiveCfg = Release|Any CPU
		{352C355E-2F44-469C-8320-691934F72E73}.AppStore|iPhoneSimulator.Build.0 = Release|Any CPU
		{352C355E-2F44-469C-8320-691934F72E73}.Debug|Any CPU.ActiveCfg = Debug|Any CPU
		{352C355E-2F44-469C-8320-691934F72E73}.Debug|Any CPU.Build.0 = Debug|Any CPU
		{352C355E-2F44-469C-8320-691934F72E73}.Debug|iPhone.ActiveCfg = Debug|Any CPU
		{352C355E-2F44-469C-8320-691934F72E73}.Debug|iPhone.Build.0 = Debug|Any CPU
		{352C355E-2F44-469C-8320-691934F72E73}.Debug|iPhoneSimulator.ActiveCfg = Debug|Any CPU
		{352C355E-2F44-469C-8320-691934F72E73}.Debug|iPhoneSimulator.Build.0 = Debug|Any CPU
		{352C355E-2F44-469C-8320-691934F72E73}.Release|Any CPU.ActiveCfg = Release|Any CPU
		{352C355E-2F44-469C-8320-691934F72E73}.Release|Any CPU.Build.0 = Release|Any CPU
		{352C355E-2F44-469C-8320-691934F72E73}.Release|iPhone.ActiveCfg = Release|Any CPU
		{352C355E-2F44-469C-8320-691934F72E73}.Release|iPhone.Build.0 = Release|Any CPU
		{352C355E-2F44-469C-8320-691934F72E73}.Release|iPhoneSimulator.ActiveCfg = Release|Any CPU
		{352C355E-2F44-469C-8320-691934F72E73}.Release|iPhoneSimulator.Build.0 = Release|Any CPU
		{C439B6EC-4E7F-4F92-BFCC-676C321EA4BC}.Ad-Hoc|Any CPU.ActiveCfg = Release|Any CPU
		{C439B6EC-4E7F-4F92-BFCC-676C321EA4BC}.Ad-Hoc|Any CPU.Build.0 = Release|Any CPU
		{C439B6EC-4E7F-4F92-BFCC-676C321EA4BC}.Ad-Hoc|iPhone.ActiveCfg = Release|Any CPU
		{C439B6EC-4E7F-4F92-BFCC-676C321EA4BC}.Ad-Hoc|iPhone.Build.0 = Release|Any CPU
		{C439B6EC-4E7F-4F92-BFCC-676C321EA4BC}.Ad-Hoc|iPhoneSimulator.ActiveCfg = Release|Any CPU
		{C439B6EC-4E7F-4F92-BFCC-676C321EA4BC}.Ad-Hoc|iPhoneSimulator.Build.0 = Release|Any CPU
		{C439B6EC-4E7F-4F92-BFCC-676C321EA4BC}.AppStore|Any CPU.ActiveCfg = Release|Any CPU
		{C439B6EC-4E7F-4F92-BFCC-676C321EA4BC}.AppStore|Any CPU.Build.0 = Release|Any CPU
		{C439B6EC-4E7F-4F92-BFCC-676C321EA4BC}.AppStore|iPhone.ActiveCfg = Release|Any CPU
		{C439B6EC-4E7F-4F92-BFCC-676C321EA4BC}.AppStore|iPhone.Build.0 = Release|Any CPU
		{C439B6EC-4E7F-4F92-BFCC-676C321EA4BC}.AppStore|iPhoneSimulator.ActiveCfg = Release|Any CPU
		{C439B6EC-4E7F-4F92-BFCC-676C321EA4BC}.AppStore|iPhoneSimulator.Build.0 = Release|Any CPU
		{C439B6EC-4E7F-4F92-BFCC-676C321EA4BC}.Debug|Any CPU.ActiveCfg = Debug|Any CPU
		{C439B6EC-4E7F-4F92-BFCC-676C321EA4BC}.Debug|Any CPU.Build.0 = Debug|Any CPU
		{C439B6EC-4E7F-4F92-BFCC-676C321EA4BC}.Debug|iPhone.ActiveCfg = Debug|Any CPU
		{C439B6EC-4E7F-4F92-BFCC-676C321EA4BC}.Debug|iPhone.Build.0 = Debug|Any CPU
		{C439B6EC-4E7F-4F92-BFCC-676C321EA4BC}.Debug|iPhoneSimulator.ActiveCfg = Debug|Any CPU
		{C439B6EC-4E7F-4F92-BFCC-676C321EA4BC}.Debug|iPhoneSimulator.Build.0 = Debug|Any CPU
		{C439B6EC-4E7F-4F92-BFCC-676C321EA4BC}.Release|Any CPU.ActiveCfg = Release|Any CPU
		{C439B6EC-4E7F-4F92-BFCC-676C321EA4BC}.Release|Any CPU.Build.0 = Release|Any CPU
		{C439B6EC-4E7F-4F92-BFCC-676C321EA4BC}.Release|iPhone.ActiveCfg = Release|Any CPU
		{C439B6EC-4E7F-4F92-BFCC-676C321EA4BC}.Release|iPhone.Build.0 = Release|Any CPU
		{C439B6EC-4E7F-4F92-BFCC-676C321EA4BC}.Release|iPhoneSimulator.ActiveCfg = Release|Any CPU
		{C439B6EC-4E7F-4F92-BFCC-676C321EA4BC}.Release|iPhoneSimulator.Build.0 = Release|Any CPU
		{58FD8655-79A5-4998-B36C-BF15AF85741D}.Ad-Hoc|Any CPU.ActiveCfg = Release|Any CPU
		{58FD8655-79A5-4998-B36C-BF15AF85741D}.Ad-Hoc|Any CPU.Build.0 = Release|Any CPU
		{58FD8655-79A5-4998-B36C-BF15AF85741D}.Ad-Hoc|iPhone.ActiveCfg = Release|Any CPU
		{58FD8655-79A5-4998-B36C-BF15AF85741D}.Ad-Hoc|iPhone.Build.0 = Release|Any CPU
		{58FD8655-79A5-4998-B36C-BF15AF85741D}.Ad-Hoc|iPhoneSimulator.ActiveCfg = Release|Any CPU
		{58FD8655-79A5-4998-B36C-BF15AF85741D}.Ad-Hoc|iPhoneSimulator.Build.0 = Release|Any CPU
		{58FD8655-79A5-4998-B36C-BF15AF85741D}.AppStore|Any CPU.ActiveCfg = Release|Any CPU
		{58FD8655-79A5-4998-B36C-BF15AF85741D}.AppStore|Any CPU.Build.0 = Release|Any CPU
		{58FD8655-79A5-4998-B36C-BF15AF85741D}.AppStore|iPhone.ActiveCfg = Release|Any CPU
		{58FD8655-79A5-4998-B36C-BF15AF85741D}.AppStore|iPhone.Build.0 = Release|Any CPU
		{58FD8655-79A5-4998-B36C-BF15AF85741D}.AppStore|iPhoneSimulator.ActiveCfg = Release|Any CPU
		{58FD8655-79A5-4998-B36C-BF15AF85741D}.AppStore|iPhoneSimulator.Build.0 = Release|Any CPU
		{58FD8655-79A5-4998-B36C-BF15AF85741D}.Debug|Any CPU.ActiveCfg = Debug|Any CPU
		{58FD8655-79A5-4998-B36C-BF15AF85741D}.Debug|Any CPU.Build.0 = Debug|Any CPU
		{58FD8655-79A5-4998-B36C-BF15AF85741D}.Debug|iPhone.ActiveCfg = Debug|Any CPU
		{58FD8655-79A5-4998-B36C-BF15AF85741D}.Debug|iPhone.Build.0 = Debug|Any CPU
		{58FD8655-79A5-4998-B36C-BF15AF85741D}.Debug|iPhoneSimulator.ActiveCfg = Debug|Any CPU
		{58FD8655-79A5-4998-B36C-BF15AF85741D}.Debug|iPhoneSimulator.Build.0 = Debug|Any CPU
		{58FD8655-79A5-4998-B36C-BF15AF85741D}.Release|Any CPU.ActiveCfg = Release|Any CPU
		{58FD8655-79A5-4998-B36C-BF15AF85741D}.Release|Any CPU.Build.0 = Release|Any CPU
		{58FD8655-79A5-4998-B36C-BF15AF85741D}.Release|iPhone.ActiveCfg = Release|Any CPU
		{58FD8655-79A5-4998-B36C-BF15AF85741D}.Release|iPhone.Build.0 = Release|Any CPU
		{58FD8655-79A5-4998-B36C-BF15AF85741D}.Release|iPhoneSimulator.ActiveCfg = Release|Any CPU
		{58FD8655-79A5-4998-B36C-BF15AF85741D}.Release|iPhoneSimulator.Build.0 = Release|Any CPU
		{046FECB3-2ABA-4773-81A7-5115D45A7595}.Ad-Hoc|Any CPU.ActiveCfg = Release|Any CPU
		{046FECB3-2ABA-4773-81A7-5115D45A7595}.Ad-Hoc|Any CPU.Build.0 = Release|Any CPU
		{046FECB3-2ABA-4773-81A7-5115D45A7595}.Ad-Hoc|iPhone.ActiveCfg = Release|Any CPU
		{046FECB3-2ABA-4773-81A7-5115D45A7595}.Ad-Hoc|iPhone.Build.0 = Release|Any CPU
		{046FECB3-2ABA-4773-81A7-5115D45A7595}.Ad-Hoc|iPhoneSimulator.ActiveCfg = Release|Any CPU
		{046FECB3-2ABA-4773-81A7-5115D45A7595}.Ad-Hoc|iPhoneSimulator.Build.0 = Release|Any CPU
		{046FECB3-2ABA-4773-81A7-5115D45A7595}.AppStore|Any CPU.ActiveCfg = Release|Any CPU
		{046FECB3-2ABA-4773-81A7-5115D45A7595}.AppStore|Any CPU.Build.0 = Release|Any CPU
		{046FECB3-2ABA-4773-81A7-5115D45A7595}.AppStore|iPhone.ActiveCfg = Release|Any CPU
		{046FECB3-2ABA-4773-81A7-5115D45A7595}.AppStore|iPhone.Build.0 = Release|Any CPU
		{046FECB3-2ABA-4773-81A7-5115D45A7595}.AppStore|iPhoneSimulator.ActiveCfg = Release|Any CPU
		{046FECB3-2ABA-4773-81A7-5115D45A7595}.AppStore|iPhoneSimulator.Build.0 = Release|Any CPU
		{046FECB3-2ABA-4773-81A7-5115D45A7595}.Debug|Any CPU.ActiveCfg = Debug|Any CPU
		{046FECB3-2ABA-4773-81A7-5115D45A7595}.Debug|Any CPU.Build.0 = Debug|Any CPU
		{046FECB3-2ABA-4773-81A7-5115D45A7595}.Debug|iPhone.ActiveCfg = Debug|Any CPU
		{046FECB3-2ABA-4773-81A7-5115D45A7595}.Debug|iPhone.Build.0 = Debug|Any CPU
		{046FECB3-2ABA-4773-81A7-5115D45A7595}.Debug|iPhoneSimulator.ActiveCfg = Debug|Any CPU
		{046FECB3-2ABA-4773-81A7-5115D45A7595}.Debug|iPhoneSimulator.Build.0 = Debug|Any CPU
		{046FECB3-2ABA-4773-81A7-5115D45A7595}.Release|Any CPU.ActiveCfg = Release|Any CPU
		{046FECB3-2ABA-4773-81A7-5115D45A7595}.Release|Any CPU.Build.0 = Release|Any CPU
		{046FECB3-2ABA-4773-81A7-5115D45A7595}.Release|iPhone.ActiveCfg = Release|Any CPU
		{046FECB3-2ABA-4773-81A7-5115D45A7595}.Release|iPhone.Build.0 = Release|Any CPU
		{046FECB3-2ABA-4773-81A7-5115D45A7595}.Release|iPhoneSimulator.ActiveCfg = Release|Any CPU
		{046FECB3-2ABA-4773-81A7-5115D45A7595}.Release|iPhoneSimulator.Build.0 = Release|Any CPU
		{A4807837-3713-4986-8391-65C21D8DF3CD}.Ad-Hoc|Any CPU.ActiveCfg = Release|Any CPU
		{A4807837-3713-4986-8391-65C21D8DF3CD}.Ad-Hoc|Any CPU.Build.0 = Release|Any CPU
		{A4807837-3713-4986-8391-65C21D8DF3CD}.Ad-Hoc|iPhone.ActiveCfg = Release|Any CPU
		{A4807837-3713-4986-8391-65C21D8DF3CD}.Ad-Hoc|iPhone.Build.0 = Release|Any CPU
		{A4807837-3713-4986-8391-65C21D8DF3CD}.Ad-Hoc|iPhoneSimulator.ActiveCfg = Release|Any CPU
		{A4807837-3713-4986-8391-65C21D8DF3CD}.Ad-Hoc|iPhoneSimulator.Build.0 = Release|Any CPU
		{A4807837-3713-4986-8391-65C21D8DF3CD}.AppStore|Any CPU.ActiveCfg = Release|Any CPU
		{A4807837-3713-4986-8391-65C21D8DF3CD}.AppStore|Any CPU.Build.0 = Release|Any CPU
		{A4807837-3713-4986-8391-65C21D8DF3CD}.AppStore|iPhone.ActiveCfg = Release|Any CPU
		{A4807837-3713-4986-8391-65C21D8DF3CD}.AppStore|iPhone.Build.0 = Release|Any CPU
		{A4807837-3713-4986-8391-65C21D8DF3CD}.AppStore|iPhoneSimulator.ActiveCfg = Release|Any CPU
		{A4807837-3713-4986-8391-65C21D8DF3CD}.AppStore|iPhoneSimulator.Build.0 = Release|Any CPU
		{A4807837-3713-4986-8391-65C21D8DF3CD}.Debug|Any CPU.ActiveCfg = Debug|Any CPU
		{A4807837-3713-4986-8391-65C21D8DF3CD}.Debug|Any CPU.Build.0 = Debug|Any CPU
		{A4807837-3713-4986-8391-65C21D8DF3CD}.Debug|iPhone.ActiveCfg = Debug|Any CPU
		{A4807837-3713-4986-8391-65C21D8DF3CD}.Debug|iPhone.Build.0 = Debug|Any CPU
		{A4807837-3713-4986-8391-65C21D8DF3CD}.Debug|iPhoneSimulator.ActiveCfg = Debug|Any CPU
		{A4807837-3713-4986-8391-65C21D8DF3CD}.Debug|iPhoneSimulator.Build.0 = Debug|Any CPU
		{A4807837-3713-4986-8391-65C21D8DF3CD}.Release|Any CPU.ActiveCfg = Release|Any CPU
		{A4807837-3713-4986-8391-65C21D8DF3CD}.Release|Any CPU.Build.0 = Release|Any CPU
		{A4807837-3713-4986-8391-65C21D8DF3CD}.Release|iPhone.ActiveCfg = Release|Any CPU
		{A4807837-3713-4986-8391-65C21D8DF3CD}.Release|iPhone.Build.0 = Release|Any CPU
		{A4807837-3713-4986-8391-65C21D8DF3CD}.Release|iPhoneSimulator.ActiveCfg = Release|Any CPU
		{A4807837-3713-4986-8391-65C21D8DF3CD}.Release|iPhoneSimulator.Build.0 = Release|Any CPU
	EndGlobalSection
	GlobalSection(SolutionProperties) = preSolution
		HideSolutionNode = FALSE
	EndGlobalSection
	GlobalSection(ExtensibilityGlobals) = postSolution
		SolutionGuid = {F7DEFEFF-8AB0-4784-B889-1A64A369350F}
	EndGlobalSection
EndGlobal
