
Microsoft Visual Studio Solution File, Format Version 12.00
# Visual Studio 2012
Project("{FAE04EC0-301F-11D3-BF4B-00C04F79EFBC}") = "Sales.Android", "Sales.Android\Sales.Android.csproj", "{4CD9611A-7EAD-4623-B94A-62FF47030060}"
EndProject
Project("{FAE04EC0-301F-11D3-BF4B-00C04F79EFBC}") = "Sales.iOS", "Sales.iOS\Sales.iOS.csproj", "{697568D2-2FC8-451F-943B-B24CC0A9FABD}"
EndProject
Project("{FAE04EC0-301F-11D3-BF4B-00C04F79EFBC}") = "Sales", "Sales\Sales.csproj", "{352C355E-2F44-469C-8320-691934F72E73}"
EndProject
Global
	GlobalSection(SolutionConfigurationPlatforms) = preSolution
		Debug|Any CPU = Debug|Any CPU
		Release|Any CPU = Release|Any CPU
		Debug|iPhoneSimulator = Debug|iPhoneSimulator
		Release|iPhoneSimulator = Release|iPhoneSimulator
		Debug|iPhone = Debug|iPhone
		Release|iPhone = Release|iPhone
		Ad-Hoc|iPhone = Ad-Hoc|iPhone
		AppStore|iPhone = AppStore|iPhone
	EndGlobalSection
	GlobalSection(ProjectConfigurationPlatforms) = postSolution
		{4CD9611A-7EAD-4623-B94A-62FF47030060}.Debug|Any CPU.ActiveCfg = Debug|Any CPU
		{4CD9611A-7EAD-4623-B94A-62FF47030060}.Debug|Any CPU.Build.0 = Debug|Any CPU
		{4CD9611A-7EAD-4623-B94A-62FF47030060}.Release|Any CPU.ActiveCfg = Release|Any CPU
		{4CD9611A-7EAD-4623-B94A-62FF47030060}.Release|Any CPU.Build.0 = Release|Any CPU
		{4CD9611A-7EAD-4623-B94A-62FF47030060}.Debug|iPhoneSimulator.ActiveCfg = Debug|Any CPU
		{4CD9611A-7EAD-4623-B94A-62FF47030060}.Debug|iPhoneSimulator.Build.0 = Debug|Any CPU
		{4CD9611A-7EAD-4623-B94A-62FF47030060}.Release|iPhoneSimulator.ActiveCfg = Release|Any CPU
		{4CD9611A-7EAD-4623-B94A-62FF47030060}.Release|iPhoneSimulator.Build.0 = Release|Any CPU
		{4CD9611A-7EAD-4623-B94A-62FF47030060}.Debug|iPhone.ActiveCfg = Debug|Any CPU
		{4CD9611A-7EAD-4623-B94A-62FF47030060}.Debug|iPhone.Build.0 = Debug|Any CPU
		{4CD9611A-7EAD-4623-B94A-62FF47030060}.Release|iPhone.ActiveCfg = Release|Any CPU
		{4CD9611A-7EAD-4623-B94A-62FF47030060}.Release|iPhone.Build.0 = Release|Any CPU
		{4CD9611A-7EAD-4623-B94A-62FF47030060}.Ad-Hoc|iPhone.ActiveCfg = Debug|Any CPU
		{4CD9611A-7EAD-4623-B94A-62FF47030060}.Ad-Hoc|iPhone.Build.0 = Debug|Any CPU
		{4CD9611A-7EAD-4623-B94A-62FF47030060}.AppStore|iPhone.ActiveCfg = Debug|Any CPU
		{4CD9611A-7EAD-4623-B94A-62FF47030060}.AppStore|iPhone.Build.0 = Debug|Any CPU
		{697568D2-2FC8-451F-943B-B24CC0A9FABD}.Debug|Any CPU.ActiveCfg = Debug|iPhoneSimulator
		{697568D2-2FC8-451F-943B-B24CC0A9FABD}.Debug|Any CPU.Build.0 = Debug|iPhoneSimulator
		{697568D2-2FC8-451F-943B-B24CC0A9FABD}.Release|Any CPU.ActiveCfg = Release|iPhoneSimulator
		{697568D2-2FC8-451F-943B-B24CC0A9FABD}.Release|Any CPU.Build.0 = Release|iPhoneSimulator
		{697568D2-2FC8-451F-943B-B24CC0A9FABD}.Debug|iPhoneSimulator.ActiveCfg = Debug|iPhoneSimulator
		{697568D2-2FC8-451F-943B-B24CC0A9FABD}.Debug|iPhoneSimulator.Build.0 = Debug|iPhoneSimulator
		{697568D2-2FC8-451F-943B-B24CC0A9FABD}.Release|iPhoneSimulator.ActiveCfg = Release|iPhoneSimulator
		{697568D2-2FC8-451F-943B-B24CC0A9FABD}.Release|iPhoneSimulator.Build.0 = Release|iPhoneSimulator
		{697568D2-2FC8-451F-943B-B24CC0A9FABD}.Debug|iPhone.ActiveCfg = Debug|iPhone
		{697568D2-2FC8-451F-943B-B24CC0A9FABD}.Debug|iPhone.Build.0 = Debug|iPhone
		{697568D2-2FC8-451F-943B-B24CC0A9FABD}.Release|iPhone.ActiveCfg = Release|iPhone
		{697568D2-2FC8-451F-943B-B24CC0A9FABD}.Release|iPhone.Build.0 = Release|iPhone
		{697568D2-2FC8-451F-943B-B24CC0A9FABD}.Ad-Hoc|iPhone.ActiveCfg = Ad-Hoc|iPhone
		{697568D2-2FC8-451F-943B-B24CC0A9FABD}.Ad-Hoc|iPhone.Build.0 = Ad-Hoc|iPhone
		{697568D2-2FC8-451F-943B-B24CC0A9FABD}.AppStore|iPhone.ActiveCfg = AppStore|iPhone
		{697568D2-2FC8-451F-943B-B24CC0A9FABD}.AppStore|iPhone.Build.0 = AppStore|iPhone
		{352C355E-2F44-469C-8320-691934F72E73}.Debug|Any CPU.ActiveCfg = Debug|Any CPU
		{352C355E-2F44-469C-8320-691934F72E73}.Debug|Any CPU.Build.0 = Debug|Any CPU
		{352C355E-2F44-469C-8320-691934F72E73}.Release|Any CPU.ActiveCfg = Release|Any CPU
		{352C355E-2F44-469C-8320-691934F72E73}.Release|Any CPU.Build.0 = Release|Any CPU
		{352C355E-2F44-469C-8320-691934F72E73}.Debug|iPhoneSimulator.ActiveCfg = Debug|Any CPU
		{352C355E-2F44-469C-8320-691934F72E73}.Debug|iPhoneSimulator.Build.0 = Debug|Any CPU
		{352C355E-2F44-469C-8320-691934F72E73}.Release|iPhoneSimulator.ActiveCfg = Release|Any CPU
		{352C355E-2F44-469C-8320-691934F72E73}.Release|iPhoneSimulator.Build.0 = Release|Any CPU
		{352C355E-2F44-469C-8320-691934F72E73}.Debug|iPhone.ActiveCfg = Debug|Any CPU
		{352C355E-2F44-469C-8320-691934F72E73}.Debug|iPhone.Build.0 = Debug|Any CPU
		{352C355E-2F44-469C-8320-691934F72E73}.Release|iPhone.ActiveCfg = Release|Any CPU
		{352C355E-2F44-469C-8320-691934F72E73}.Release|iPhone.Build.0 = Release|Any CPU
		{352C355E-2F44-469C-8320-691934F72E73}.Ad-Hoc|iPhone.ActiveCfg = Debug|Any CPU
		{352C355E-2F44-469C-8320-691934F72E73}.Ad-Hoc|iPhone.Build.0 = Debug|Any CPU
		{352C355E-2F44-469C-8320-691934F72E73}.AppStore|iPhone.ActiveCfg = Debug|Any CPU
		{352C355E-2F44-469C-8320-691934F72E73}.AppStore|iPhone.Build.0 = Debug|Any CPU
	EndGlobalSection
EndGlobal
